
Microsoft Visual Studio Solution File, Format Version 12.00
# Visual Studio Version 16
VisualStudioVersion = 16.0.31019.35
MinimumVisualStudioVersion = 10.0.40219.1
Project("{FAE04EC0-301F-11D3-BF4B-00C04F79EFBC}") = "FetchReward", "FetchReward\FetchReward.csproj", "{0C2427CF-A13D-45BC-A74A-9FC76E8DA277}"
EndProject
Global
	GlobalSection(SolutionConfigurationPlatforms) = preSolution
		Debug|Any CPU = Debug|Any CPU
		Release|Any CPU = Release|Any CPU
	EndGlobalSection
	GlobalSection(ProjectConfigurationPlatforms) = postSolution
		{0C2427CF-A13D-45BC-A74A-9FC76E8DA277}.Debug|Any CPU.ActiveCfg = Debug|Any CPU
		{0C2427CF-A13D-45BC-A74A-9FC76E8DA277}.Debug|Any CPU.Build.0 = Debug|Any CPU
		{0C2427CF-A13D-45BC-A74A-9FC76E8DA277}.Release|Any CPU.ActiveCfg = Release|Any CPU
		{0C2427CF-A13D-45BC-A74A-9FC76E8DA277}.Release|Any CPU.Build.0 = Release|Any CPU
	EndGlobalSection
	GlobalSection(SolutionProperties) = preSolution
		HideSolutionNode = FALSE
	EndGlobalSection
	GlobalSection(ExtensibilityGlobals) = postSolution
		SolutionGuid = {2EB5A98F-F312-4F28-802A-E1781FCC7DE9}
	EndGlobalSection
EndGlobal
